
Microsoft Visual Studio Solution File, Format Version 12.00
Project("{FAE04EC0-301F-11D3-BF4B-00C04F79EFBC}") = "InvoiceManagementApp.Api", "InvoiceManagementApp.Api\InvoiceManagementApp.Api.csproj", "{9952775F-B8CC-4CD0-87A0-029647597649}"
EndProject
Project("{FAE04EC0-301F-11D3-BF4B-00C04F79EFBC}") = "InvoiceManagementApp.Domain", "InvoiceManagementApp.Domain\InvoiceManagementApp.Domain.csproj", "{9EF5C754-15FF-42F4-8DA8-CABDCE6D04CA}"
EndProject
Project("{FAE04EC0-301F-11D3-BF4B-00C04F79EFBC}") = "InvoiceManagementApp.Application", "InvoiceManagementApp.Application\InvoiceManagementApp.Application.csproj", "{92AD569A-EC0D-46BE-A2BF-523A37997E80}"
EndProject
Project("{FAE04EC0-301F-11D3-BF4B-00C04F79EFBC}") = "InvoiceManagementApp.Infrastructure", "InvoiceManagementApp.Infrastructure\InvoiceManagementApp.Infrastructure.csproj", "{5054B165-2566-4C1E-84FE-10BF8AFFA9C4}"
EndProject
Global
	GlobalSection(SolutionConfigurationPlatforms) = preSolution
		Debug|Any CPU = Debug|Any CPU
		Release|Any CPU = Release|Any CPU
	EndGlobalSection
	GlobalSection(ProjectConfigurationPlatforms) = postSolution
		{9952775F-B8CC-4CD0-87A0-029647597649}.Debug|Any CPU.ActiveCfg = Debug|Any CPU
		{9952775F-B8CC-4CD0-87A0-029647597649}.Debug|Any CPU.Build.0 = Debug|Any CPU
		{9952775F-B8CC-4CD0-87A0-029647597649}.Release|Any CPU.ActiveCfg = Release|Any CPU
		{9952775F-B8CC-4CD0-87A0-029647597649}.Release|Any CPU.Build.0 = Release|Any CPU
		{9EF5C754-15FF-42F4-8DA8-CABDCE6D04CA}.Debug|Any CPU.ActiveCfg = Debug|Any CPU
		{9EF5C754-15FF-42F4-8DA8-CABDCE6D04CA}.Debug|Any CPU.Build.0 = Debug|Any CPU
		{9EF5C754-15FF-42F4-8DA8-CABDCE6D04CA}.Release|Any CPU.ActiveCfg = Release|Any CPU
		{9EF5C754-15FF-42F4-8DA8-CABDCE6D04CA}.Release|Any CPU.Build.0 = Release|Any CPU
		{92AD569A-EC0D-46BE-A2BF-523A37997E80}.Debug|Any CPU.ActiveCfg = Debug|Any CPU
		{92AD569A-EC0D-46BE-A2BF-523A37997E80}.Debug|Any CPU.Build.0 = Debug|Any CPU
		{92AD569A-EC0D-46BE-A2BF-523A37997E80}.Release|Any CPU.ActiveCfg = Release|Any CPU
		{92AD569A-EC0D-46BE-A2BF-523A37997E80}.Release|Any CPU.Build.0 = Release|Any CPU
		{5054B165-2566-4C1E-84FE-10BF8AFFA9C4}.Debug|Any CPU.ActiveCfg = Debug|Any CPU
		{5054B165-2566-4C1E-84FE-10BF8AFFA9C4}.Debug|Any CPU.Build.0 = Debug|Any CPU
		{5054B165-2566-4C1E-84FE-10BF8AFFA9C4}.Release|Any CPU.ActiveCfg = Release|Any CPU
		{5054B165-2566-4C1E-84FE-10BF8AFFA9C4}.Release|Any CPU.Build.0 = Release|Any CPU
	EndGlobalSection
EndGlobal
